// !$*UTF8*$!
{
	archiveVersion = 1;
	classes = {
	};
	objectVersion = 50;
	objects = {

/* Begin PBXBuildFile section */
		A5276CBC2461DD1A00085D2E /* GameListView.swift in Sources */ = {isa = PBXBuildFile; fileRef = A5276CBB2461DD1A00085D2E /* GameListView.swift */; };
		A5276CC12462465100085D2E /* GameListLabel.swift in Sources */ = {isa = PBXBuildFile; fileRef = A5276CC02462465100085D2E /* GameListLabel.swift */; };
		A5276CC3246246C800085D2E /* GameListStackView.swift in Sources */ = {isa = PBXBuildFile; fileRef = A5276CC2246246C800085D2E /* GameListStackView.swift */; };
		A5276CC62462B88500085D2E /* GameViewController.swift in Sources */ = {isa = PBXBuildFile; fileRef = A5276CC52462B88500085D2E /* GameViewController.swift */; };
		A53004D7246BD7D60015B1BC /* MatchInProgress.swift in Sources */ = {isa = PBXBuildFile; fileRef = A53004D6246BD7D60015B1BC /* MatchInProgress.swift */; };
		A5318240246533D8005B6B20 /* ScoreView.swift in Sources */ = {isa = PBXBuildFile; fileRef = A531823F246533D8005B6B20 /* ScoreView.swift */; };
		A531824224653DC3005B6B20 /* ElectronicView.swift in Sources */ = {isa = PBXBuildFile; fileRef = A531824124653DC3005B6B20 /* ElectronicView.swift */; };
		A53182482466560D005B6B20 /* PlayerCell.swift in Sources */ = {isa = PBXBuildFile; fileRef = A53182472466560D005B6B20 /* PlayerCell.swift */; };
		A531824A24668448005B6B20 /* RecordCell.swift in Sources */ = {isa = PBXBuildFile; fileRef = A531824924668448005B6B20 /* RecordCell.swift */; };
		A531824E2466892D005B6B20 /* PlayerDataSource.swift in Sources */ = {isa = PBXBuildFile; fileRef = A531824D2466892D005B6B20 /* PlayerDataSource.swift */; };
		A531825024668992005B6B20 /* RecordDataSource.swift in Sources */ = {isa = PBXBuildFile; fileRef = A531824F24668992005B6B20 /* RecordDataSource.swift */; };
		A545AEDD246155450094C821 /* AppDelegate.swift in Sources */ = {isa = PBXBuildFile; fileRef = A545AEDC246155450094C821 /* AppDelegate.swift */; };
		A545AEE6246155450094C821 /* Main.storyboard in Resources */ = {isa = PBXBuildFile; fileRef = A545AEE4246155450094C821 /* Main.storyboard */; };
		A545AEE8246155470094C821 /* Assets.xcassets in Resources */ = {isa = PBXBuildFile; fileRef = A545AEE7246155470094C821 /* Assets.xcassets */; };
		A545AEEB246155470094C821 /* LaunchScreen.storyboard in Resources */ = {isa = PBXBuildFile; fileRef = A545AEE9246155470094C821 /* LaunchScreen.storyboard */; };
		A545AEF6246155470094C821 /* BaseBallTests.swift in Sources */ = {isa = PBXBuildFile; fileRef = A545AEF5246155470094C821 /* BaseBallTests.swift */; };
		A545AF01246156DC0094C821 /* LoginViewController.swift in Sources */ = {isa = PBXBuildFile; fileRef = A545AF00246156DC0094C821 /* LoginViewController.swift */; };
		A54FD7AE2466CF2E0069BB7A /* DungGeunMo.ttf in Resources */ = {isa = PBXBuildFile; fileRef = A54FD7AD2466CF2E0069BB7A /* DungGeunMo.ttf */; };
		A54FD7B12466E7250069BB7A /* DetailScoreViewController.swift in Sources */ = {isa = PBXBuildFile; fileRef = A54FD7B02466E7250069BB7A /* DetailScoreViewController.swift */; };
		A54FD7B4246703DB0069BB7A /* PlayerInfoCell.swift in Sources */ = {isa = PBXBuildFile; fileRef = A54FD7B3246703DB0069BB7A /* PlayerInfoCell.swift */; };
		A54FD7B6246712170069BB7A /* DetailTableViewDataSource.swift in Sources */ = {isa = PBXBuildFile; fileRef = A54FD7B5246712170069BB7A /* DetailTableViewDataSource.swift */; };
		A587E2FB2468202700371BE4 /* EndPoint.swift in Sources */ = {isa = PBXBuildFile; fileRef = A587E2FA2468202700371BE4 /* EndPoint.swift */; };
		A587E3042468242700371BE4 /* TeamList.swift in Sources */ = {isa = PBXBuildFile; fileRef = A587E3032468242700371BE4 /* TeamList.swift */; };
		A587E30724682AB000371BE4 /* TeamListUseCase.swift in Sources */ = {isa = PBXBuildFile; fileRef = A587E30624682AB000371BE4 /* TeamListUseCase.swift */; };
		A587E30C24682EF500371BE4 /* TeamListManager.swift in Sources */ = {isa = PBXBuildFile; fileRef = A587E30B24682EF500371BE4 /* TeamListManager.swift */; };
		A592390D2467D70400331014 /* UIColorExtension.swift in Sources */ = {isa = PBXBuildFile; fileRef = A592390C2467D70400331014 /* UIColorExtension.swift */; };
		A5B40D34246BDF3900A972E2 /* MatchInProgressUseCase.swift in Sources */ = {isa = PBXBuildFile; fileRef = A5B40D33246BDF3900A972E2 /* MatchInProgressUseCase.swift */; };
		A5B67FB12467C5A0000D8C54 /* Request.swift in Sources */ = {isa = PBXBuildFile; fileRef = A5B67FB02467C5A0000D8C54 /* Request.swift */; };
		A5B67FB32467CCB6000D8C54 /* NetworkManager.swift in Sources */ = {isa = PBXBuildFile; fileRef = A5B67FB22467CCB6000D8C54 /* NetworkManager.swift */; };
		A5BD609D2462F5C30073CE3E /* FieldView.swift in Sources */ = {isa = PBXBuildFile; fileRef = A5BD609C2462F5C30073CE3E /* FieldView.swift */; };
		A5C2381F24616DF30087F61A /* GameListViewController.swift in Sources */ = {isa = PBXBuildFile; fileRef = A5C2381E24616DF30087F61A /* GameListViewController.swift */; };
		A5C95A7C2468AE8400549905 /* MatchList.swift in Sources */ = {isa = PBXBuildFile; fileRef = A5C95A7B2468AE8400549905 /* MatchList.swift */; };
		A5C95A82246917AD00549905 /* MatchListUseCase.swift in Sources */ = {isa = PBXBuildFile; fileRef = A5C95A81246917AD00549905 /* MatchListUseCase.swift */; };
		A5C95A8824692CC400549905 /* MatchListManager.swift in Sources */ = {isa = PBXBuildFile; fileRef = A5C95A8724692CC400549905 /* MatchListManager.swift */; };
		A5C95A8A246935BA00549905 /* ImageUseCase.swift in Sources */ = {isa = PBXBuildFile; fileRef = A5C95A89246935BA00549905 /* ImageUseCase.swift */; };
/* End PBXBuildFile section */

/* Begin PBXContainerItemProxy section */
		A545AEF2246155470094C821 /* PBXContainerItemProxy */ = {
			isa = PBXContainerItemProxy;
			containerPortal = A545AED1246155450094C821 /* Project object */;
			proxyType = 1;
			remoteGlobalIDString = A545AED8246155450094C821;
			remoteInfo = BaseBall;
		};
/* End PBXContainerItemProxy section */

/* Begin PBXFileReference section */
		A5276CBB2461DD1A00085D2E /* GameListView.swift */ = {isa = PBXFileReference; lastKnownFileType = sourcecode.swift; path = GameListView.swift; sourceTree = "<group>"; };
		A5276CC02462465100085D2E /* GameListLabel.swift */ = {isa = PBXFileReference; lastKnownFileType = sourcecode.swift; path = GameListLabel.swift; sourceTree = "<group>"; };
		A5276CC2246246C800085D2E /* GameListStackView.swift */ = {isa = PBXFileReference; lastKnownFileType = sourcecode.swift; path = GameListStackView.swift; sourceTree = "<group>"; };
		A5276CC52462B88500085D2E /* GameViewController.swift */ = {isa = PBXFileReference; lastKnownFileType = sourcecode.swift; path = GameViewController.swift; sourceTree = "<group>"; };
		A53004D6246BD7D60015B1BC /* MatchInProgress.swift */ = {isa = PBXFileReference; lastKnownFileType = sourcecode.swift; path = MatchInProgress.swift; sourceTree = "<group>"; };
		A531823F246533D8005B6B20 /* ScoreView.swift */ = {isa = PBXFileReference; lastKnownFileType = sourcecode.swift; path = ScoreView.swift; sourceTree = "<group>"; };
		A531824124653DC3005B6B20 /* ElectronicView.swift */ = {isa = PBXFileReference; lastKnownFileType = sourcecode.swift; path = ElectronicView.swift; sourceTree = "<group>"; };
		A53182472466560D005B6B20 /* PlayerCell.swift */ = {isa = PBXFileReference; lastKnownFileType = sourcecode.swift; path = PlayerCell.swift; sourceTree = "<group>"; };
		A531824924668448005B6B20 /* RecordCell.swift */ = {isa = PBXFileReference; lastKnownFileType = sourcecode.swift; path = RecordCell.swift; sourceTree = "<group>"; };
		A531824D2466892D005B6B20 /* PlayerDataSource.swift */ = {isa = PBXFileReference; lastKnownFileType = sourcecode.swift; path = PlayerDataSource.swift; sourceTree = "<group>"; };
		A531824F24668992005B6B20 /* RecordDataSource.swift */ = {isa = PBXFileReference; lastKnownFileType = sourcecode.swift; path = RecordDataSource.swift; sourceTree = "<group>"; };
		A545AED9246155450094C821 /* BaseBall.app */ = {isa = PBXFileReference; explicitFileType = wrapper.application; includeInIndex = 0; path = BaseBall.app; sourceTree = BUILT_PRODUCTS_DIR; };
		A545AEDC246155450094C821 /* AppDelegate.swift */ = {isa = PBXFileReference; lastKnownFileType = sourcecode.swift; path = AppDelegate.swift; sourceTree = "<group>"; };
		A545AEE5246155450094C821 /* Base */ = {isa = PBXFileReference; lastKnownFileType = file.storyboard; name = Base; path = Base.lproj/Main.storyboard; sourceTree = "<group>"; };
		A545AEE7246155470094C821 /* Assets.xcassets */ = {isa = PBXFileReference; lastKnownFileType = folder.assetcatalog; path = Assets.xcassets; sourceTree = "<group>"; };
		A545AEEA246155470094C821 /* Base */ = {isa = PBXFileReference; lastKnownFileType = file.storyboard; name = Base; path = Base.lproj/LaunchScreen.storyboard; sourceTree = "<group>"; };
		A545AEEC246155470094C821 /* Info.plist */ = {isa = PBXFileReference; lastKnownFileType = text.plist.xml; path = Info.plist; sourceTree = "<group>"; };
		A545AEF1246155470094C821 /* BaseBallTests.xctest */ = {isa = PBXFileReference; explicitFileType = wrapper.cfbundle; includeInIndex = 0; path = BaseBallTests.xctest; sourceTree = BUILT_PRODUCTS_DIR; };
		A545AEF5246155470094C821 /* BaseBallTests.swift */ = {isa = PBXFileReference; lastKnownFileType = sourcecode.swift; path = BaseBallTests.swift; sourceTree = "<group>"; };
		A545AEF7246155480094C821 /* Info.plist */ = {isa = PBXFileReference; lastKnownFileType = text.plist.xml; path = Info.plist; sourceTree = "<group>"; };
		A545AF00246156DC0094C821 /* LoginViewController.swift */ = {isa = PBXFileReference; lastKnownFileType = sourcecode.swift; path = LoginViewController.swift; sourceTree = "<group>"; };
		A54FD7AD2466CF2E0069BB7A /* DungGeunMo.ttf */ = {isa = PBXFileReference; lastKnownFileType = file; path = DungGeunMo.ttf; sourceTree = "<group>"; };
		A54FD7B02466E7250069BB7A /* DetailScoreViewController.swift */ = {isa = PBXFileReference; lastKnownFileType = sourcecode.swift; path = DetailScoreViewController.swift; sourceTree = "<group>"; };
		A54FD7B3246703DB0069BB7A /* PlayerInfoCell.swift */ = {isa = PBXFileReference; lastKnownFileType = sourcecode.swift; path = PlayerInfoCell.swift; sourceTree = "<group>"; };
		A54FD7B5246712170069BB7A /* DetailTableViewDataSource.swift */ = {isa = PBXFileReference; lastKnownFileType = sourcecode.swift; path = DetailTableViewDataSource.swift; sourceTree = "<group>"; };
		A587E2FA2468202700371BE4 /* EndPoint.swift */ = {isa = PBXFileReference; lastKnownFileType = sourcecode.swift; path = EndPoint.swift; sourceTree = "<group>"; };
		A587E3032468242700371BE4 /* TeamList.swift */ = {isa = PBXFileReference; lastKnownFileType = sourcecode.swift; path = TeamList.swift; sourceTree = "<group>"; };
		A587E30624682AB000371BE4 /* TeamListUseCase.swift */ = {isa = PBXFileReference; lastKnownFileType = sourcecode.swift; path = TeamListUseCase.swift; sourceTree = "<group>"; };
		A587E30B24682EF500371BE4 /* TeamListManager.swift */ = {isa = PBXFileReference; lastKnownFileType = sourcecode.swift; path = TeamListManager.swift; sourceTree = "<group>"; };
		A592390C2467D70400331014 /* UIColorExtension.swift */ = {isa = PBXFileReference; lastKnownFileType = sourcecode.swift; path = UIColorExtension.swift; sourceTree = "<group>"; };
		A5B40D33246BDF3900A972E2 /* MatchInProgressUseCase.swift */ = {isa = PBXFileReference; lastKnownFileType = sourcecode.swift; path = MatchInProgressUseCase.swift; sourceTree = "<group>"; };
		A5B67FB02467C5A0000D8C54 /* Request.swift */ = {isa = PBXFileReference; lastKnownFileType = sourcecode.swift; path = Request.swift; sourceTree = "<group>"; };
		A5B67FB22467CCB6000D8C54 /* NetworkManager.swift */ = {isa = PBXFileReference; lastKnownFileType = sourcecode.swift; path = NetworkManager.swift; sourceTree = "<group>"; };
		A5BD609C2462F5C30073CE3E /* FieldView.swift */ = {isa = PBXFileReference; lastKnownFileType = sourcecode.swift; path = FieldView.swift; sourceTree = "<group>"; };
		A5C2381E24616DF30087F61A /* GameListViewController.swift */ = {isa = PBXFileReference; lastKnownFileType = sourcecode.swift; path = GameListViewController.swift; sourceTree = "<group>"; };
		A5C95A7B2468AE8400549905 /* MatchList.swift */ = {isa = PBXFileReference; lastKnownFileType = sourcecode.swift; path = MatchList.swift; sourceTree = "<group>"; };
		A5C95A81246917AD00549905 /* MatchListUseCase.swift */ = {isa = PBXFileReference; lastKnownFileType = sourcecode.swift; path = MatchListUseCase.swift; sourceTree = "<group>"; };
		A5C95A8724692CC400549905 /* MatchListManager.swift */ = {isa = PBXFileReference; lastKnownFileType = sourcecode.swift; path = MatchListManager.swift; sourceTree = "<group>"; };
		A5C95A89246935BA00549905 /* ImageUseCase.swift */ = {isa = PBXFileReference; lastKnownFileType = sourcecode.swift; path = ImageUseCase.swift; sourceTree = "<group>"; };
/* End PBXFileReference section */

/* Begin PBXFrameworksBuildPhase section */
		A545AED6246155450094C821 /* Frameworks */ = {
			isa = PBXFrameworksBuildPhase;
			buildActionMask = 2147483647;
			files = (
			);
			runOnlyForDeploymentPostprocessing = 0;
		};
		A545AEEE246155470094C821 /* Frameworks */ = {
			isa = PBXFrameworksBuildPhase;
			buildActionMask = 2147483647;
			files = (
			);
			runOnlyForDeploymentPostprocessing = 0;
		};
/* End PBXFrameworksBuildPhase section */

/* Begin PBXGroup section */
		A5276CBA2461DD0100085D2E /* View */ = {
			isa = PBXGroup;
			children = (
				A5276CBB2461DD1A00085D2E /* GameListView.swift */,
				A5276CC02462465100085D2E /* GameListLabel.swift */,
				A5276CC2246246C800085D2E /* GameListStackView.swift */,
			);
			path = View;
			sourceTree = "<group>";
		};
		A5276CC42462B86300085D2E /* GameView */ = {
			isa = PBXGroup;
			children = (
				A531824C246688FF005B6B20 /* TableViewDataSource */,
				A5276CC72462D21000085D2E /* View */,
				A5276CC52462B88500085D2E /* GameViewController.swift */,
			);
			path = GameView;
			sourceTree = "<group>";
		};
		A5276CC72462D21000085D2E /* View */ = {
			isa = PBXGroup;
			children = (
				A5BD609C2462F5C30073CE3E /* FieldView.swift */,
				A531823F246533D8005B6B20 /* ScoreView.swift */,
				A531824124653DC3005B6B20 /* ElectronicView.swift */,
				A53182472466560D005B6B20 /* PlayerCell.swift */,
				A531824924668448005B6B20 /* RecordCell.swift */,
			);
			path = View;
			sourceTree = "<group>";
		};
		A531824C246688FF005B6B20 /* TableViewDataSource */ = {
			isa = PBXGroup;
			children = (
				A531824D2466892D005B6B20 /* PlayerDataSource.swift */,
				A531824F24668992005B6B20 /* RecordDataSource.swift */,
			);
			path = TableViewDataSource;
			sourceTree = "<group>";
		};
		A545AED0246155450094C821 = {
			isa = PBXGroup;
			children = (
				A545AEDB246155450094C821 /* BaseBall */,
				A545AEF4246155470094C821 /* BaseBallTests */,
				A545AEDA246155450094C821 /* Products */,
			);
			sourceTree = "<group>";
		};
		A545AEDA246155450094C821 /* Products */ = {
			isa = PBXGroup;
			children = (
				A545AED9246155450094C821 /* BaseBall.app */,
				A545AEF1246155470094C821 /* BaseBallTests.xctest */,
			);
			name = Products;
			sourceTree = "<group>";
		};
		A545AEDB246155450094C821 /* BaseBall */ = {
			isa = PBXGroup;
			children = (
				A587E30524682AA500371BE4 /* Controller */,
				A5B67FAB2467B80C000D8C54 /* Model */,
				A54FD7AF2466E70D0069BB7A /* DetailScoreView */,
				A5276CC42462B86300085D2E /* GameView */,
				A5C238212461AD100087F61A /* GameListView */,
				A5C238202461AD0E0087F61A /* LoginView */,
				A5C238232461AD340087F61A /* StroyBoard */,
				A5C238222461AD2A0087F61A /* Resources */,
				A545AEDC246155450094C821 /* AppDelegate.swift */,
				A545AEEC246155470094C821 /* Info.plist */,
			);
			path = BaseBall;
			sourceTree = "<group>";
		};
		A545AEF4246155470094C821 /* BaseBallTests */ = {
			isa = PBXGroup;
			children = (
				A545AEF5246155470094C821 /* BaseBallTests.swift */,
				A545AEF7246155480094C821 /* Info.plist */,
			);
			path = BaseBallTests;
			sourceTree = "<group>";
		};
		A54FD7AF2466E70D0069BB7A /* DetailScoreView */ = {
			isa = PBXGroup;
			children = (
				A54FD7B2246703C70069BB7A /* View */,
				A54FD7B02466E7250069BB7A /* DetailScoreViewController.swift */,
			);
			path = DetailScoreView;
			sourceTree = "<group>";
		};
		A54FD7B2246703C70069BB7A /* View */ = {
			isa = PBXGroup;
			children = (
				A54FD7B3246703DB0069BB7A /* PlayerInfoCell.swift */,
				A54FD7B5246712170069BB7A /* DetailTableViewDataSource.swift */,
			);
			path = View;
			sourceTree = "<group>";
		};
		A587E2FF246823FA00371BE4 /* Network */ = {
			isa = PBXGroup;
			children = (
				A5B67FB02467C5A0000D8C54 /* Request.swift */,
				A5B67FB22467CCB6000D8C54 /* NetworkManager.swift */,
				A587E2FA2468202700371BE4 /* EndPoint.swift */,
			);
			path = Network;
			sourceTree = "<group>";
		};
		A587E3012468240600371BE4 /* Extension */ = {
			isa = PBXGroup;
			children = (
				A592390C2467D70400331014 /* UIColorExtension.swift */,
			);
			path = Extension;
			sourceTree = "<group>";
		};
		A587E30524682AA500371BE4 /* Controller */ = {
			isa = PBXGroup;
			children = (
				A587E30624682AB000371BE4 /* TeamListUseCase.swift */,
				A5C95A81246917AD00549905 /* MatchListUseCase.swift */,
				A5C95A89246935BA00549905 /* ImageUseCase.swift */,
				A5B40D33246BDF3900A972E2 /* MatchInProgressUseCase.swift */,
			);
			path = Controller;
			sourceTree = "<group>";
		};
		A587E30824682ED900371BE4 /* Manager */ = {
			isa = PBXGroup;
			children = (
				A587E30B24682EF500371BE4 /* TeamListManager.swift */,
				A5C95A8724692CC400549905 /* MatchListManager.swift */,
			);
			path = Manager;
			sourceTree = "<group>";
		};
		A5B67FAB2467B80C000D8C54 /* Model */ = {
			isa = PBXGroup;
			children = (
				A587E30824682ED900371BE4 /* Manager */,
				A587E3012468240600371BE4 /* Extension */,
				A587E2FF246823FA00371BE4 /* Network */,
				A587E3032468242700371BE4 /* TeamList.swift */,
				A5C95A7B2468AE8400549905 /* MatchList.swift */,
				A53004D6246BD7D60015B1BC /* MatchInProgress.swift */,
			);
			path = Model;
			sourceTree = "<group>";
		};
		A5C238202461AD0E0087F61A /* LoginView */ = {
			isa = PBXGroup;
			children = (
				A545AF00246156DC0094C821 /* LoginViewController.swift */,
			);
			path = LoginView;
			sourceTree = "<group>";
		};
		A5C238212461AD100087F61A /* GameListView */ = {
			isa = PBXGroup;
			children = (
				A5276CBA2461DD0100085D2E /* View */,
				A5C2381E24616DF30087F61A /* GameListViewController.swift */,
			);
			path = GameListView;
			sourceTree = "<group>";
		};
		A5C238222461AD2A0087F61A /* Resources */ = {
			isa = PBXGroup;
			children = (
				A54FD7AD2466CF2E0069BB7A /* DungGeunMo.ttf */,
				A545AEE7246155470094C821 /* Assets.xcassets */,
			);
			path = Resources;
			sourceTree = "<group>";
		};
		A5C238232461AD340087F61A /* StroyBoard */ = {
			isa = PBXGroup;
			children = (
				A545AEE4246155450094C821 /* Main.storyboard */,
				A545AEE9246155470094C821 /* LaunchScreen.storyboard */,
			);
			path = StroyBoard;
			sourceTree = "<group>";
		};
/* End PBXGroup section */

/* Begin PBXNativeTarget section */
		A545AED8246155450094C821 /* BaseBall */ = {
			isa = PBXNativeTarget;
			buildConfigurationList = A545AEFA246155480094C821 /* Build configuration list for PBXNativeTarget "BaseBall" */;
			buildPhases = (
				A545AED5246155450094C821 /* Sources */,
				A545AED6246155450094C821 /* Frameworks */,
				A545AED7246155450094C821 /* Resources */,
			);
			buildRules = (
			);
			dependencies = (
			);
			name = BaseBall;
			productName = BaseBall;
			productReference = A545AED9246155450094C821 /* BaseBall.app */;
			productType = "com.apple.product-type.application";
		};
		A545AEF0246155470094C821 /* BaseBallTests */ = {
			isa = PBXNativeTarget;
			buildConfigurationList = A545AEFD246155480094C821 /* Build configuration list for PBXNativeTarget "BaseBallTests" */;
			buildPhases = (
				A545AEED246155470094C821 /* Sources */,
				A545AEEE246155470094C821 /* Frameworks */,
				A545AEEF246155470094C821 /* Resources */,
			);
			buildRules = (
			);
			dependencies = (
				A545AEF3246155470094C821 /* PBXTargetDependency */,
			);
			name = BaseBallTests;
			productName = BaseBallTests;
			productReference = A545AEF1246155470094C821 /* BaseBallTests.xctest */;
			productType = "com.apple.product-type.bundle.unit-test";
		};
/* End PBXNativeTarget section */

/* Begin PBXProject section */
		A545AED1246155450094C821 /* Project object */ = {
			isa = PBXProject;
			attributes = {
				LastSwiftUpdateCheck = 1140;
				LastUpgradeCheck = 1140;
				ORGANIZATIONNAME = "신한섭";
				TargetAttributes = {
					A545AED8246155450094C821 = {
						CreatedOnToolsVersion = 11.4.1;
					};
					A545AEF0246155470094C821 = {
						CreatedOnToolsVersion = 11.4.1;
						TestTargetID = A545AED8246155450094C821;
					};
				};
			};
			buildConfigurationList = A545AED4246155450094C821 /* Build configuration list for PBXProject "BaseBall" */;
			compatibilityVersion = "Xcode 9.3";
			developmentRegion = en;
			hasScannedForEncodings = 0;
			knownRegions = (
				en,
				Base,
			);
			mainGroup = A545AED0246155450094C821;
			productRefGroup = A545AEDA246155450094C821 /* Products */;
			projectDirPath = "";
			projectRoot = "";
			targets = (
				A545AED8246155450094C821 /* BaseBall */,
				A545AEF0246155470094C821 /* BaseBallTests */,
			);
		};
/* End PBXProject section */

/* Begin PBXResourcesBuildPhase section */
		A545AED7246155450094C821 /* Resources */ = {
			isa = PBXResourcesBuildPhase;
			buildActionMask = 2147483647;
			files = (
				A54FD7AE2466CF2E0069BB7A /* DungGeunMo.ttf in Resources */,
				A545AEEB246155470094C821 /* LaunchScreen.storyboard in Resources */,
				A545AEE8246155470094C821 /* Assets.xcassets in Resources */,
				A545AEE6246155450094C821 /* Main.storyboard in Resources */,
			);
			runOnlyForDeploymentPostprocessing = 0;
		};
		A545AEEF246155470094C821 /* Resources */ = {
			isa = PBXResourcesBuildPhase;
			buildActionMask = 2147483647;
			files = (
			);
			runOnlyForDeploymentPostprocessing = 0;
		};
/* End PBXResourcesBuildPhase section */

/* Begin PBXSourcesBuildPhase section */
		A545AED5246155450094C821 /* Sources */ = {
			isa = PBXSourcesBuildPhase;
			buildActionMask = 2147483647;
			files = (
				A5B67FB32467CCB6000D8C54 /* NetworkManager.swift in Sources */,
				A5B40D34246BDF3900A972E2 /* MatchInProgressUseCase.swift in Sources */,
				A531824A24668448005B6B20 /* RecordCell.swift in Sources */,
				A53004D7246BD7D60015B1BC /* MatchInProgress.swift in Sources */,
				A531825024668992005B6B20 /* RecordDataSource.swift in Sources */,
				A5276CC62462B88500085D2E /* GameViewController.swift in Sources */,
				A545AF01246156DC0094C821 /* LoginViewController.swift in Sources */,
				A54FD7B12466E7250069BB7A /* DetailScoreViewController.swift in Sources */,
				A5C2381F24616DF30087F61A /* GameListViewController.swift in Sources */,
				A592390D2467D70400331014 /* UIColorExtension.swift in Sources */,
				A531824E2466892D005B6B20 /* PlayerDataSource.swift in Sources */,
				A531824224653DC3005B6B20 /* ElectronicView.swift in Sources */,
				A54FD7B4246703DB0069BB7A /* PlayerInfoCell.swift in Sources */,
				A5276CBC2461DD1A00085D2E /* GameListView.swift in Sources */,
				A587E2FB2468202700371BE4 /* EndPoint.swift in Sources */,
				A5276CC12462465100085D2E /* GameListLabel.swift in Sources */,
				A587E30C24682EF500371BE4 /* TeamListManager.swift in Sources */,
				A587E3042468242700371BE4 /* TeamList.swift in Sources */,
				A5B67FB12467C5A0000D8C54 /* Request.swift in Sources */,
				A587E30724682AB000371BE4 /* TeamListUseCase.swift in Sources */,
				A545AEDD246155450094C821 /* AppDelegate.swift in Sources */,
				A5BD609D2462F5C30073CE3E /* FieldView.swift in Sources */,
				A5C95A7C2468AE8400549905 /* MatchList.swift in Sources */,
				A54FD7B6246712170069BB7A /* DetailTableViewDataSource.swift in Sources */,
				A5276CC3246246C800085D2E /* GameListStackView.swift in Sources */,
				A53182482466560D005B6B20 /* PlayerCell.swift in Sources */,
				A5318240246533D8005B6B20 /* ScoreView.swift in Sources */,
				A5C95A8A246935BA00549905 /* ImageUseCase.swift in Sources */,
				A5C95A8824692CC400549905 /* MatchListManager.swift in Sources */,
				A5C95A82246917AD00549905 /* MatchListUseCase.swift in Sources */,
			);
			runOnlyForDeploymentPostprocessing = 0;
		};
		A545AEED246155470094C821 /* Sources */ = {
			isa = PBXSourcesBuildPhase;
			buildActionMask = 2147483647;
			files = (
				A545AEF6246155470094C821 /* BaseBallTests.swift in Sources */,
			);
			runOnlyForDeploymentPostprocessing = 0;
		};
/* End PBXSourcesBuildPhase section */

/* Begin PBXTargetDependency section */
		A545AEF3246155470094C821 /* PBXTargetDependency */ = {
			isa = PBXTargetDependency;
			target = A545AED8246155450094C821 /* BaseBall */;
			targetProxy = A545AEF2246155470094C821 /* PBXContainerItemProxy */;
		};
/* End PBXTargetDependency section */

/* Begin PBXVariantGroup section */
		A545AEE4246155450094C821 /* Main.storyboard */ = {
			isa = PBXVariantGroup;
			children = (
				A545AEE5246155450094C821 /* Base */,
			);
			name = Main.storyboard;
			sourceTree = "<group>";
		};
		A545AEE9246155470094C821 /* LaunchScreen.storyboard */ = {
			isa = PBXVariantGroup;
			children = (
				A545AEEA246155470094C821 /* Base */,
			);
			name = LaunchScreen.storyboard;
			sourceTree = "<group>";
		};
/* End PBXVariantGroup section */

/* Begin XCBuildConfiguration section */
		A545AEF8246155480094C821 /* Debug */ = {
			isa = XCBuildConfiguration;
			buildSettings = {
				ALWAYS_SEARCH_USER_PATHS = NO;
				CLANG_ANALYZER_NONNULL = YES;
				CLANG_ANALYZER_NUMBER_OBJECT_CONVERSION = YES_AGGRESSIVE;
				CLANG_CXX_LANGUAGE_STANDARD = "gnu++14";
				CLANG_CXX_LIBRARY = "libc++";
				CLANG_ENABLE_MODULES = YES;
				CLANG_ENABLE_OBJC_ARC = YES;
				CLANG_ENABLE_OBJC_WEAK = YES;
				CLANG_WARN_BLOCK_CAPTURE_AUTORELEASING = YES;
				CLANG_WARN_BOOL_CONVERSION = YES;
				CLANG_WARN_COMMA = YES;
				CLANG_WARN_CONSTANT_CONVERSION = YES;
				CLANG_WARN_DEPRECATED_OBJC_IMPLEMENTATIONS = YES;
				CLANG_WARN_DIRECT_OBJC_ISA_USAGE = YES_ERROR;
				CLANG_WARN_DOCUMENTATION_COMMENTS = YES;
				CLANG_WARN_EMPTY_BODY = YES;
				CLANG_WARN_ENUM_CONVERSION = YES;
				CLANG_WARN_INFINITE_RECURSION = YES;
				CLANG_WARN_INT_CONVERSION = YES;
				CLANG_WARN_NON_LITERAL_NULL_CONVERSION = YES;
				CLANG_WARN_OBJC_IMPLICIT_RETAIN_SELF = YES;
				CLANG_WARN_OBJC_LITERAL_CONVERSION = YES;
				CLANG_WARN_OBJC_ROOT_CLASS = YES_ERROR;
				CLANG_WARN_RANGE_LOOP_ANALYSIS = YES;
				CLANG_WARN_STRICT_PROTOTYPES = YES;
				CLANG_WARN_SUSPICIOUS_MOVE = YES;
				CLANG_WARN_UNGUARDED_AVAILABILITY = YES_AGGRESSIVE;
				CLANG_WARN_UNREACHABLE_CODE = YES;
				CLANG_WARN__DUPLICATE_METHOD_MATCH = YES;
				COPY_PHASE_STRIP = NO;
				DEBUG_INFORMATION_FORMAT = dwarf;
				ENABLE_STRICT_OBJC_MSGSEND = YES;
				ENABLE_TESTABILITY = YES;
				GCC_C_LANGUAGE_STANDARD = gnu11;
				GCC_DYNAMIC_NO_PIC = NO;
				GCC_NO_COMMON_BLOCKS = YES;
				GCC_OPTIMIZATION_LEVEL = 0;
				GCC_PREPROCESSOR_DEFINITIONS = (
					"DEBUG=1",
					"$(inherited)",
				);
				GCC_WARN_64_TO_32_BIT_CONVERSION = YES;
				GCC_WARN_ABOUT_RETURN_TYPE = YES_ERROR;
				GCC_WARN_UNDECLARED_SELECTOR = YES;
				GCC_WARN_UNINITIALIZED_AUTOS = YES_AGGRESSIVE;
				GCC_WARN_UNUSED_FUNCTION = YES;
				GCC_WARN_UNUSED_VARIABLE = YES;
				IPHONEOS_DEPLOYMENT_TARGET = 13.4;
				MTL_ENABLE_DEBUG_INFO = INCLUDE_SOURCE;
				MTL_FAST_MATH = YES;
				ONLY_ACTIVE_ARCH = YES;
				SDKROOT = iphoneos;
				SWIFT_ACTIVE_COMPILATION_CONDITIONS = DEBUG;
				SWIFT_OPTIMIZATION_LEVEL = "-Onone";
			};
			name = Debug;
		};
		A545AEF9246155480094C821 /* Release */ = {
			isa = XCBuildConfiguration;
			buildSettings = {
				ALWAYS_SEARCH_USER_PATHS = NO;
				CLANG_ANALYZER_NONNULL = YES;
				CLANG_ANALYZER_NUMBER_OBJECT_CONVERSION = YES_AGGRESSIVE;
				CLANG_CXX_LANGUAGE_STANDARD = "gnu++14";
				CLANG_CXX_LIBRARY = "libc++";
				CLANG_ENABLE_MODULES = YES;
				CLANG_ENABLE_OBJC_ARC = YES;
				CLANG_ENABLE_OBJC_WEAK = YES;
				CLANG_WARN_BLOCK_CAPTURE_AUTORELEASING = YES;
				CLANG_WARN_BOOL_CONVERSION = YES;
				CLANG_WARN_COMMA = YES;
				CLANG_WARN_CONSTANT_CONVERSION = YES;
				CLANG_WARN_DEPRECATED_OBJC_IMPLEMENTATIONS = YES;
				CLANG_WARN_DIRECT_OBJC_ISA_USAGE = YES_ERROR;
				CLANG_WARN_DOCUMENTATION_COMMENTS = YES;
				CLANG_WARN_EMPTY_BODY = YES;
				CLANG_WARN_ENUM_CONVERSION = YES;
				CLANG_WARN_INFINITE_RECURSION = YES;
				CLANG_WARN_INT_CONVERSION = YES;
				CLANG_WARN_NON_LITERAL_NULL_CONVERSION = YES;
				CLANG_WARN_OBJC_IMPLICIT_RETAIN_SELF = YES;
				CLANG_WARN_OBJC_LITERAL_CONVERSION = YES;
				CLANG_WARN_OBJC_ROOT_CLASS = YES_ERROR;
				CLANG_WARN_RANGE_LOOP_ANALYSIS = YES;
				CLANG_WARN_STRICT_PROTOTYPES = YES;
				CLANG_WARN_SUSPICIOUS_MOVE = YES;
				CLANG_WARN_UNGUARDED_AVAILABILITY = YES_AGGRESSIVE;
				CLANG_WARN_UNREACHABLE_CODE = YES;
				CLANG_WARN__DUPLICATE_METHOD_MATCH = YES;
				COPY_PHASE_STRIP = NO;
				DEBUG_INFORMATION_FORMAT = "dwarf-with-dsym";
				ENABLE_NS_ASSERTIONS = NO;
				ENABLE_STRICT_OBJC_MSGSEND = YES;
				GCC_C_LANGUAGE_STANDARD = gnu11;
				GCC_NO_COMMON_BLOCKS = YES;
				GCC_WARN_64_TO_32_BIT_CONVERSION = YES;
				GCC_WARN_ABOUT_RETURN_TYPE = YES_ERROR;
				GCC_WARN_UNDECLARED_SELECTOR = YES;
				GCC_WARN_UNINITIALIZED_AUTOS = YES_AGGRESSIVE;
				GCC_WARN_UNUSED_FUNCTION = YES;
				GCC_WARN_UNUSED_VARIABLE = YES;
				IPHONEOS_DEPLOYMENT_TARGET = 13.4;
				MTL_ENABLE_DEBUG_INFO = NO;
				MTL_FAST_MATH = YES;
				SDKROOT = iphoneos;
				SWIFT_COMPILATION_MODE = wholemodule;
				SWIFT_OPTIMIZATION_LEVEL = "-O";
				VALIDATE_PRODUCT = YES;
			};
			name = Release;
		};
		A545AEFB246155480094C821 /* Debug */ = {
			isa = XCBuildConfiguration;
			buildSettings = {
				ASSETCATALOG_COMPILER_APPICON_NAME = AppIcon;
				CODE_SIGN_STYLE = Automatic;
				DEVELOPMENT_TEAM = 735P3R8MUU;
				INFOPLIST_FILE = BaseBall/Info.plist;
				IPHONEOS_DEPLOYMENT_TARGET = 13.0;
				LD_RUNPATH_SEARCH_PATHS = (
					"$(inherited)",
					"@executable_path/Frameworks",
				);
				PRODUCT_BUNDLE_IDENTIFIER = hanseop.BaseBall;
				PRODUCT_NAME = "$(TARGET_NAME)";
				SWIFT_VERSION = 5.0;
				TARGETED_DEVICE_FAMILY = "1,2";
			};
			name = Debug;
		};
		A545AEFC246155480094C821 /* Release */ = {
			isa = XCBuildConfiguration;
			buildSettings = {
				ASSETCATALOG_COMPILER_APPICON_NAME = AppIcon;
				CODE_SIGN_STYLE = Automatic;
				DEVELOPMENT_TEAM = 735P3R8MUU;
				INFOPLIST_FILE = BaseBall/Info.plist;
				IPHONEOS_DEPLOYMENT_TARGET = 13.0;
				LD_RUNPATH_SEARCH_PATHS = (
					"$(inherited)",
					"@executable_path/Frameworks",
				);
				PRODUCT_BUNDLE_IDENTIFIER = hanseop.BaseBall;
				PRODUCT_NAME = "$(TARGET_NAME)";
				SWIFT_VERSION = 5.0;
				TARGETED_DEVICE_FAMILY = "1,2";
			};
			name = Release;
		};
		A545AEFE246155480094C821 /* Debug */ = {
			isa = XCBuildConfiguration;
			buildSettings = {
				ALWAYS_EMBED_SWIFT_STANDARD_LIBRARIES = YES;
				BUNDLE_LOADER = "$(TEST_HOST)";
				CODE_SIGN_STYLE = Automatic;
				DEVELOPMENT_TEAM = 735P3R8MUU;
				INFOPLIST_FILE = BaseBallTests/Info.plist;
				IPHONEOS_DEPLOYMENT_TARGET = 13.4;
				LD_RUNPATH_SEARCH_PATHS = (
					"$(inherited)",
					"@executable_path/Frameworks",
					"@loader_path/Frameworks",
				);
				PRODUCT_BUNDLE_IDENTIFIER = hanseop.BaseBallTests;
				PRODUCT_NAME = "$(TARGET_NAME)";
				SWIFT_VERSION = 5.0;
				TARGETED_DEVICE_FAMILY = "1,2";
				TEST_HOST = "$(BUILT_PRODUCTS_DIR)/BaseBall.app/BaseBall";
			};
			name = Debug;
		};
		A545AEFF246155480094C821 /* Release */ = {
			isa = XCBuildConfiguration;
			buildSettings = {
				ALWAYS_EMBED_SWIFT_STANDARD_LIBRARIES = YES;
				BUNDLE_LOADER = "$(TEST_HOST)";
				CODE_SIGN_STYLE = Automatic;
				DEVELOPMENT_TEAM = 735P3R8MUU;
				INFOPLIST_FILE = BaseBallTests/Info.plist;
				IPHONEOS_DEPLOYMENT_TARGET = 13.4;
				LD_RUNPATH_SEARCH_PATHS = (
					"$(inherited)",
					"@executable_path/Frameworks",
					"@loader_path/Frameworks",
				);
				PRODUCT_BUNDLE_IDENTIFIER = hanseop.BaseBallTests;
				PRODUCT_NAME = "$(TARGET_NAME)";
				SWIFT_VERSION = 5.0;
				TARGETED_DEVICE_FAMILY = "1,2";
				TEST_HOST = "$(BUILT_PRODUCTS_DIR)/BaseBall.app/BaseBall";
			};
			name = Release;
		};
/* End XCBuildConfiguration section */

/* Begin XCConfigurationList section */
		A545AED4246155450094C821 /* Build configuration list for PBXProject "BaseBall" */ = {
			isa = XCConfigurationList;
			buildConfigurations = (
				A545AEF8246155480094C821 /* Debug */,
				A545AEF9246155480094C821 /* Release */,
			);
			defaultConfigurationIsVisible = 0;
			defaultConfigurationName = Release;
		};
		A545AEFA246155480094C821 /* Build configuration list for PBXNativeTarget "BaseBall" */ = {
			isa = XCConfigurationList;
			buildConfigurations = (
				A545AEFB246155480094C821 /* Debug */,
				A545AEFC246155480094C821 /* Release */,
			);
			defaultConfigurationIsVisible = 0;
			defaultConfigurationName = Release;
		};
		A545AEFD246155480094C821 /* Build configuration list for PBXNativeTarget "BaseBallTests" */ = {
			isa = XCConfigurationList;
			buildConfigurations = (
				A545AEFE246155480094C821 /* Debug */,
				A545AEFF246155480094C821 /* Release */,
			);
			defaultConfigurationIsVisible = 0;
			defaultConfigurationName = Release;
		};
/* End XCConfigurationList section */
	};
	rootObject = A545AED1246155450094C821 /* Project object */;
}
